// !$*UTF8*$!
{
	archiveVersion = 1;
	classes = {
	};
	objectVersion = 51;
	objects = {

/* Begin PBXBuildFile section */
		985BFB7DFB168DF18A4FA3EA /* Pods_Secret2.framework in Frameworks */ = {isa = PBXBuildFile; fileRef = 0EB517D6E54E7DA73C7D129A /* Pods_Secret2.framework */; };
		B214328426C8AB7F00A65B5F /* Secret2App.swift in Sources */ = {isa = PBXBuildFile; fileRef = B214328326C8AB7F00A65B5F /* Secret2App.swift */; };
		B214328626C8AB7F00A65B5F /* ContentView.swift in Sources */ = {isa = PBXBuildFile; fileRef = B214328526C8AB7F00A65B5F /* ContentView.swift */; };
		B214328826C8AB8100A65B5F /* Assets.xcassets in Resources */ = {isa = PBXBuildFile; fileRef = B214328726C8AB8100A65B5F /* Assets.xcassets */; };
		B214328B26C8AB8100A65B5F /* Preview Assets.xcassets in Resources */ = {isa = PBXBuildFile; fileRef = B214328A26C8AB8100A65B5F /* Preview Assets.xcassets */; };
		B214329326C8AB9500A65B5F /* SignUpView.swift in Sources */ = {isa = PBXBuildFile; fileRef = B214329226C8AB9500A65B5F /* SignUpView.swift */; };
		B214329526C8ABCB00A65B5F /* SignInView.swift in Sources */ = {isa = PBXBuildFile; fileRef = B214329426C8ABCB00A65B5F /* SignInView.swift */; };
		B214329826C8AC4200A65B5F /* FormField.swift in Sources */ = {isa = PBXBuildFile; fileRef = B214329726C8AC4200A65B5F /* FormField.swift */; };
		B214329B26C8B50A00A65B5F /* ButtonModifiers.swift in Sources */ = {isa = PBXBuildFile; fileRef = B214329A26C8B50A00A65B5F /* ButtonModifiers.swift */; };
		B214329E26C8C6B300A65B5F /* ImagePicker.swift in Sources */ = {isa = PBXBuildFile; fileRef = B214329D26C8C6B300A65B5F /* ImagePicker.swift */; };
		B21432A026C9D1B800A65B5F /* GoogleService-Info.plist in Resources */ = {isa = PBXBuildFile; fileRef = B214329F26C9D1B800A65B5F /* GoogleService-Info.plist */; };
		B21432A326C9D66C00A65B5F /* UserModel.swift in Sources */ = {isa = PBXBuildFile; fileRef = B21432A226C9D66C00A65B5F /* UserModel.swift */; };
		B21432A526C9D71600A65B5F /* Extensions.swift in Sources */ = {isa = PBXBuildFile; fileRef = B21432A426C9D71600A65B5F /* Extensions.swift */; };
		B2D4F9E526C9FF560061EF45 /* AuthService.swift in Sources */ = {isa = PBXBuildFile; fileRef = B2D4F9E426C9FF560061EF45 /* AuthService.swift */; };
		B2D4F9E726C9FF960061EF45 /* StorageService.swift in Sources */ = {isa = PBXBuildFile; fileRef = B2D4F9E626C9FF960061EF45 /* StorageService.swift */; };
/* End PBXBuildFile section */

/* Begin PBXFileReference section */
		0EB517D6E54E7DA73C7D129A /* Pods_Secret2.framework */ = {isa = PBXFileReference; explicitFileType = wrapper.framework; includeInIndex = 0; path = Pods_Secret2.framework; sourceTree = BUILT_PRODUCTS_DIR; };
		6759334DE8885F7A571D4002 /* Pods-Secret2.release.xcconfig */ = {isa = PBXFileReference; includeInIndex = 1; lastKnownFileType = text.xcconfig; name = "Pods-Secret2.release.xcconfig"; path = "Target Support Files/Pods-Secret2/Pods-Secret2.release.xcconfig"; sourceTree = "<group>"; };
		B214328026C8AB7F00A65B5F /* Secret2.app */ = {isa = PBXFileReference; explicitFileType = wrapper.application; includeInIndex = 0; path = Secret2.app; sourceTree = BUILT_PRODUCTS_DIR; };
		B214328326C8AB7F00A65B5F /* Secret2App.swift */ = {isa = PBXFileReference; lastKnownFileType = sourcecode.swift; path = Secret2App.swift; sourceTree = "<group>"; };
		B214328526C8AB7F00A65B5F /* ContentView.swift */ = {isa = PBXFileReference; lastKnownFileType = sourcecode.swift; path = ContentView.swift; sourceTree = "<group>"; };
		B214328726C8AB8100A65B5F /* Assets.xcassets */ = {isa = PBXFileReference; lastKnownFileType = folder.assetcatalog; path = Assets.xcassets; sourceTree = "<group>"; };
		B214328A26C8AB8100A65B5F /* Preview Assets.xcassets */ = {isa = PBXFileReference; lastKnownFileType = folder.assetcatalog; path = "Preview Assets.xcassets"; sourceTree = "<group>"; };
		B214328C26C8AB8100A65B5F /* Info.plist */ = {isa = PBXFileReference; lastKnownFileType = text.plist.xml; path = Info.plist; sourceTree = "<group>"; };
		B214329226C8AB9500A65B5F /* SignUpView.swift */ = {isa = PBXFileReference; lastKnownFileType = sourcecode.swift; path = SignUpView.swift; sourceTree = "<group>"; };
		B214329426C8ABCB00A65B5F /* SignInView.swift */ = {isa = PBXFileReference; lastKnownFileType = sourcecode.swift; path = SignInView.swift; sourceTree = "<group>"; };
		B214329726C8AC4200A65B5F /* FormField.swift */ = {isa = PBXFileReference; lastKnownFileType = sourcecode.swift; path = FormField.swift; sourceTree = "<group>"; };
		B214329A26C8B50A00A65B5F /* ButtonModifiers.swift */ = {isa = PBXFileReference; lastKnownFileType = sourcecode.swift; path = ButtonModifiers.swift; sourceTree = "<group>"; };
		B214329D26C8C6B300A65B5F /* ImagePicker.swift */ = {isa = PBXFileReference; lastKnownFileType = sourcecode.swift; path = ImagePicker.swift; sourceTree = "<group>"; };
		B214329F26C9D1B800A65B5F /* GoogleService-Info.plist */ = {isa = PBXFileReference; fileEncoding = 4; lastKnownFileType = text.plist.xml; path = "GoogleService-Info.plist"; sourceTree = "<group>"; };
		B21432A226C9D66C00A65B5F /* UserModel.swift */ = {isa = PBXFileReference; lastKnownFileType = sourcecode.swift; path = UserModel.swift; sourceTree = "<group>"; };
		B21432A426C9D71600A65B5F /* Extensions.swift */ = {isa = PBXFileReference; lastKnownFileType = sourcecode.swift; path = Extensions.swift; sourceTree = "<group>"; };
		B2D4F9E426C9FF560061EF45 /* AuthService.swift */ = {isa = PBXFileReference; lastKnownFileType = sourcecode.swift; path = AuthService.swift; sourceTree = "<group>"; };
		B2D4F9E626C9FF960061EF45 /* StorageService.swift */ = {isa = PBXFileReference; lastKnownFileType = sourcecode.swift; path = StorageService.swift; sourceTree = "<group>"; };
		FCEBAE381E70B7946C95FA21 /* Pods-Secret2.debug.xcconfig */ = {isa = PBXFileReference; includeInIndex = 1; lastKnownFileType = text.xcconfig; name = "Pods-Secret2.debug.xcconfig"; path = "Target Support Files/Pods-Secret2/Pods-Secret2.debug.xcconfig"; sourceTree = "<group>"; };
/* End PBXFileReference section */

/* Begin PBXFrameworksBuildPhase section */
		B214327D26C8AB7F00A65B5F /* Frameworks */ = {
			isa = PBXFrameworksBuildPhase;
			buildActionMask = 2147483647;
			files = (
				985BFB7DFB168DF18A4FA3EA /* Pods_Secret2.framework in Frameworks */,
			);
			runOnlyForDeploymentPostprocessing = 0;
		};
/* End PBXFrameworksBuildPhase section */

/* Begin PBXGroup section */
		712E89BD88EE2CE2ECCA8F81 /* Frameworks */ = {
			isa = PBXGroup;
			children = (
				0EB517D6E54E7DA73C7D129A /* Pods_Secret2.framework */,
			);
			name = Frameworks;
			sourceTree = "<group>";
		};
		B214327726C8AB7F00A65B5F = {
			isa = PBXGroup;
			children = (
				B214328226C8AB7F00A65B5F /* Secret2 */,
				B214328126C8AB7F00A65B5F /* Products */,
				F81C3223B4D1C279293899B6 /* Pods */,
				712E89BD88EE2CE2ECCA8F81 /* Frameworks */,
			);
			sourceTree = "<group>";
		};
		B214328126C8AB7F00A65B5F /* Products */ = {
			isa = PBXGroup;
			children = (
				B214328026C8AB7F00A65B5F /* Secret2.app */,
			);
			name = Products;
			sourceTree = "<group>";
		};
		B214328226C8AB7F00A65B5F /* Secret2 */ = {
			isa = PBXGroup;
			children = (
				B214328326C8AB7F00A65B5F /* Secret2App.swift */,
				B2D4F9E326C9FF3F0061EF45 /* Services */,
				B21432A126C9D65E00A65B5F /* Models */,
				B214329C26C8C69500A65B5F /* Utilities */,
				B214329926C8B13500A65B5F /* Views */,
				B214329626C8AC1700A65B5F /* Component */,
				B214328526C8AB7F00A65B5F /* ContentView.swift */,
				B214328726C8AB8100A65B5F /* Assets.xcassets */,
				B214329F26C9D1B800A65B5F /* GoogleService-Info.plist */,
				B214328C26C8AB8100A65B5F /* Info.plist */,
				B214328926C8AB8100A65B5F /* Preview Content */,
			);
			path = Secret2;
			sourceTree = "<group>";
		};
		B214328926C8AB8100A65B5F /* Preview Content */ = {
			isa = PBXGroup;
			children = (
				B214328A26C8AB8100A65B5F /* Preview Assets.xcassets */,
			);
			path = "Preview Content";
			sourceTree = "<group>";
		};
		B214329626C8AC1700A65B5F /* Component */ = {
			isa = PBXGroup;
			children = (
				B214329726C8AC4200A65B5F /* FormField.swift */,
				B214329A26C8B50A00A65B5F /* ButtonModifiers.swift */,
			);
			path = Component;
			sourceTree = "<group>";
		};
		B214329926C8B13500A65B5F /* Views */ = {
			isa = PBXGroup;
			children = (
				B214329426C8ABCB00A65B5F /* SignInView.swift */,
				B214329226C8AB9500A65B5F /* SignUpView.swift */,
			);
			path = Views;
			sourceTree = "<group>";
		};
		B214329C26C8C69500A65B5F /* Utilities */ = {
			isa = PBXGroup;
			children = (
				B214329D26C8C6B300A65B5F /* ImagePicker.swift */,
				B21432A426C9D71600A65B5F /* Extensions.swift */,
			);
			path = Utilities;
			sourceTree = "<group>";
		};
		B21432A126C9D65E00A65B5F /* Models */ = {
			isa = PBXGroup;
			children = (
				B21432A226C9D66C00A65B5F /* UserModel.swift */,
			);
			path = Models;
			sourceTree = "<group>";
		};
		B2D4F9E326C9FF3F0061EF45 /* Services */ = {
			isa = PBXGroup;
			children = (
				B2D4F9E426C9FF560061EF45 /* AuthService.swift */,
				B2D4F9E626C9FF960061EF45 /* StorageService.swift */,
			);
			path = Services;
			sourceTree = "<group>";
		};
		F81C3223B4D1C279293899B6 /* Pods */ = {
			isa = PBXGroup;
			children = (
				FCEBAE381E70B7946C95FA21 /* Pods-Secret2.debug.xcconfig */,
				6759334DE8885F7A571D4002 /* Pods-Secret2.release.xcconfig */,
			);
			path = Pods;
			sourceTree = "<group>";
		};
/* End PBXGroup section */

/* Begin PBXNativeTarget section */
		B214327F26C8AB7F00A65B5F /* Secret2 */ = {
			isa = PBXNativeTarget;
			buildConfigurationList = B214328F26C8AB8100A65B5F /* Build configuration list for PBXNativeTarget "Secret2" */;
			buildPhases = (
				CFD1094AA9CA1F428DCC1183 /* [CP] Check Pods Manifest.lock */,
				B214327C26C8AB7F00A65B5F /* Sources */,
				B214327D26C8AB7F00A65B5F /* Frameworks */,
				B214327E26C8AB7F00A65B5F /* Resources */,
				01225F8F3FDBD27DDFC5C693 /* [CP] Embed Pods Frameworks */,
			);
			buildRules = (
			);
			dependencies = (
			);
			name = Secret2;
			productName = Secret2;
			productReference = B214328026C8AB7F00A65B5F /* Secret2.app */;
			productType = "com.apple.product-type.application";
		};
/* End PBXNativeTarget section */

/* Begin PBXProject section */
		B214327826C8AB7F00A65B5F /* Project object */ = {
			isa = PBXProject;
			attributes = {
				LastSwiftUpdateCheck = 1250;
				LastUpgradeCheck = 1250;
				TargetAttributes = {
					B214327F26C8AB7F00A65B5F = {
						CreatedOnToolsVersion = 12.5.1;
					};
				};
			};
			buildConfigurationList = B214327B26C8AB7F00A65B5F /* Build configuration list for PBXProject "Secret2" */;
			compatibilityVersion = "Xcode 9.3";
			developmentRegion = en;
			hasScannedForEncodings = 0;
			knownRegions = (
				en,
				Base,
			);
			mainGroup = B214327726C8AB7F00A65B5F;
			productRefGroup = B214328126C8AB7F00A65B5F /* Products */;
			projectDirPath = "";
			projectRoot = "";
			targets = (
				B214327F26C8AB7F00A65B5F /* Secret2 */,
			);
		};
/* End PBXProject section */

/* Begin PBXResourcesBuildPhase section */
		B214327E26C8AB7F00A65B5F /* Resources */ = {
			isa = PBXResourcesBuildPhase;
			buildActionMask = 2147483647;
			files = (
				B214328B26C8AB8100A65B5F /* Preview Assets.xcassets in Resources */,
				B21432A026C9D1B800A65B5F /* GoogleService-Info.plist in Resources */,
				B214328826C8AB8100A65B5F /* Assets.xcassets in Resources */,
			);
			runOnlyForDeploymentPostprocessing = 0;
		};
/* End PBXResourcesBuildPhase section */

/* Begin PBXShellScriptBuildPhase section */
		01225F8F3FDBD27DDFC5C693 /* [CP] Embed Pods Frameworks */ = {
			isa = PBXShellScriptBuildPhase;
			buildActionMask = 2147483647;
			files = (
			);
			inputFileListPaths = (
				"${PODS_ROOT}/Target Support Files/Pods-Secret2/Pods-Secret2-frameworks-${CONFIGURATION}-input-files.xcfilelist",
			);
			name = "[CP] Embed Pods Frameworks";
			outputFileListPaths = (
				"${PODS_ROOT}/Target Support Files/Pods-Secret2/Pods-Secret2-frameworks-${CONFIGURATION}-output-files.xcfilelist",
			);
			runOnlyForDeploymentPostprocessing = 0;
			shellPath = /bin/sh;
			shellScript = "\"${PODS_ROOT}/Target Support Files/Pods-Secret2/Pods-Secret2-frameworks.sh\"\n";
			showEnvVarsInLog = 0;
		};
		CFD1094AA9CA1F428DCC1183 /* [CP] Check Pods Manifest.lock */ = {
			isa = PBXShellScriptBuildPhase;
			buildActionMask = 2147483647;
			files = (
			);
			inputFileListPaths = (
			);
			inputPaths = (
				"${PODS_PODFILE_DIR_PATH}/Podfile.lock",
				"${PODS_ROOT}/Manifest.lock",
			);
			name = "[CP] Check Pods Manifest.lock";
			outputFileListPaths = (
			);
			outputPaths = (
				"$(DERIVED_FILE_DIR)/Pods-Secret2-checkManifestLockResult.txt",
			);
			runOnlyForDeploymentPostprocessing = 0;
			shellPath = /bin/sh;
			shellScript = "diff \"${PODS_PODFILE_DIR_PATH}/Podfile.lock\" \"${PODS_ROOT}/Manifest.lock\" > /dev/null\nif [ $? != 0 ] ; then\n    # print error to STDERR\n    echo \"error: The sandbox is not in sync with the Podfile.lock. Run 'pod install' or update your CocoaPods installation.\" >&2\n    exit 1\nfi\n# This output is used by Xcode 'outputs' to avoid re-running this script phase.\necho \"SUCCESS\" > \"${SCRIPT_OUTPUT_FILE_0}\"\n";
			showEnvVarsInLog = 0;
		};
/* End PBXShellScriptBuildPhase section */

/* Begin PBXSourcesBuildPhase section */
		B214327C26C8AB7F00A65B5F /* Sources */ = {
			isa = PBXSourcesBuildPhase;
			buildActionMask = 2147483647;
			files = (
				B214329B26C8B50A00A65B5F /* ButtonModifiers.swift in Sources */,
				B21432A526C9D71600A65B5F /* Extensions.swift in Sources */,
				B214329826C8AC4200A65B5F /* FormField.swift in Sources */,
				B214328626C8AB7F00A65B5F /* ContentView.swift in Sources */,
				B214329E26C8C6B300A65B5F /* ImagePicker.swift in Sources */,
				B21432A326C9D66C00A65B5F /* UserModel.swift in Sources */,
				B214329326C8AB9500A65B5F /* SignUpView.swift in Sources */,
				B2D4F9E526C9FF560061EF45 /* AuthService.swift in Sources */,
				B214329526C8ABCB00A65B5F /* SignInView.swift in Sources */,
				B2D4F9E726C9FF960061EF45 /* StorageService.swift in Sources */,
				B214328426C8AB7F00A65B5F /* Secret2App.swift in Sources */,
			);
			runOnlyForDeploymentPostprocessing = 0;
		};
/* End PBXSourcesBuildPhase section */

/* Begin XCBuildConfiguration section */
		B214328D26C8AB8100A65B5F /* Debug */ = {
			isa = XCBuildConfiguration;
			buildSettings = {
				ALWAYS_SEARCH_USER_PATHS = NO;
				CLANG_ANALYZER_NONNULL = YES;
				CLANG_ANALYZER_NUMBER_OBJECT_CONVERSION = YES_AGGRESSIVE;
				CLANG_CXX_LANGUAGE_STANDARD = "gnu++14";
				CLANG_CXX_LIBRARY = "libc++";
				CLANG_ENABLE_MODULES = YES;
				CLANG_ENABLE_OBJC_ARC = YES;
				CLANG_ENABLE_OBJC_WEAK = YES;
				CLANG_WARN_BLOCK_CAPTURE_AUTORELEASING = YES;
				CLANG_WARN_BOOL_CONVERSION = YES;
				CLANG_WARN_COMMA = YES;
				CLANG_WARN_CONSTANT_CONVERSION = YES;
				CLANG_WARN_DEPRECATED_OBJC_IMPLEMENTATIONS = YES;
				CLANG_WARN_DIRECT_OBJC_ISA_USAGE = YES_ERROR;
				CLANG_WARN_DOCUMENTATION_COMMENTS = YES;
				CLANG_WARN_EMPTY_BODY = YES;
				CLANG_WARN_ENUM_CONVERSION = YES;
				CLANG_WARN_INFINITE_RECURSION = YES;
				CLANG_WARN_INT_CONVERSION = YES;
				CLANG_WARN_NON_LITERAL_NULL_CONVERSION = YES;
				CLANG_WARN_OBJC_IMPLICIT_RETAIN_SELF = YES;
				CLANG_WARN_OBJC_LITERAL_CONVERSION = YES;
				CLANG_WARN_OBJC_ROOT_CLASS = YES_ERROR;
				CLANG_WARN_QUOTED_INCLUDE_IN_FRAMEWORK_HEADER = YES;
				CLANG_WARN_RANGE_LOOP_ANALYSIS = YES;
				CLANG_WARN_STRICT_PROTOTYPES = YES;
				CLANG_WARN_SUSPICIOUS_MOVE = YES;
				CLANG_WARN_UNGUARDED_AVAILABILITY = YES_AGGRESSIVE;
				CLANG_WARN_UNREACHABLE_CODE = YES;
				CLANG_WARN__DUPLICATE_METHOD_MATCH = YES;
				COPY_PHASE_STRIP = NO;
				DEBUG_INFORMATION_FORMAT = dwarf;
				ENABLE_STRICT_OBJC_MSGSEND = YES;
				ENABLE_TESTABILITY = YES;
				GCC_C_LANGUAGE_STANDARD = gnu11;
				GCC_DYNAMIC_NO_PIC = NO;
				GCC_NO_COMMON_BLOCKS = YES;
				GCC_OPTIMIZATION_LEVEL = 0;
				GCC_PREPROCESSOR_DEFINITIONS = (
					"DEBUG=1",
					"$(inherited)",
				);
				GCC_WARN_64_TO_32_BIT_CONVERSION = YES;
				GCC_WARN_ABOUT_RETURN_TYPE = YES_ERROR;
				GCC_WARN_UNDECLARED_SELECTOR = YES;
				GCC_WARN_UNINITIALIZED_AUTOS = YES_AGGRESSIVE;
				GCC_WARN_UNUSED_FUNCTION = YES;
				GCC_WARN_UNUSED_VARIABLE = YES;
				IPHONEOS_DEPLOYMENT_TARGET = 14.5;
				MTL_ENABLE_DEBUG_INFO = INCLUDE_SOURCE;
				MTL_FAST_MATH = YES;
				ONLY_ACTIVE_ARCH = YES;
				SDKROOT = iphoneos;
				SWIFT_ACTIVE_COMPILATION_CONDITIONS = DEBUG;
				SWIFT_OPTIMIZATION_LEVEL = "-Onone";
			};
			name = Debug;
		};
		B214328E26C8AB8100A65B5F /* Release */ = {
			isa = XCBuildConfiguration;
			buildSettings = {
				ALWAYS_SEARCH_USER_PATHS = NO;
				CLANG_ANALYZER_NONNULL = YES;
				CLANG_ANALYZER_NUMBER_OBJECT_CONVERSION = YES_AGGRESSIVE;
				CLANG_CXX_LANGUAGE_STANDARD = "gnu++14";
				CLANG_CXX_LIBRARY = "libc++";
				CLANG_ENABLE_MODULES = YES;
				CLANG_ENABLE_OBJC_ARC = YES;
				CLANG_ENABLE_OBJC_WEAK = YES;
				CLANG_WARN_BLOCK_CAPTURE_AUTORELEASING = YES;
				CLANG_WARN_BOOL_CONVERSION = YES;
				CLANG_WARN_COMMA = YES;
				CLANG_WARN_CONSTANT_CONVERSION = YES;
				CLANG_WARN_DEPRECATED_OBJC_IMPLEMENTATIONS = YES;
				CLANG_WARN_DIRECT_OBJC_ISA_USAGE = YES_ERROR;
				CLANG_WARN_DOCUMENTATION_COMMENTS = YES;
				CLANG_WARN_EMPTY_BODY = YES;
				CLANG_WARN_ENUM_CONVERSION = YES;
				CLANG_WARN_INFINITE_RECURSION = YES;
				CLANG_WARN_INT_CONVERSION = YES;
				CLANG_WARN_NON_LITERAL_NULL_CONVERSION = YES;
				CLANG_WARN_OBJC_IMPLICIT_RETAIN_SELF = YES;
				CLANG_WARN_OBJC_LITERAL_CONVERSION = YES;
				CLANG_WARN_OBJC_ROOT_CLASS = YES_ERROR;
				CLANG_WARN_QUOTED_INCLUDE_IN_FRAMEWORK_HEADER = YES;
				CLANG_WARN_RANGE_LOOP_ANALYSIS = YES;
				CLANG_WARN_STRICT_PROTOTYPES = YES;
				CLANG_WARN_SUSPICIOUS_MOVE = YES;
				CLANG_WARN_UNGUARDED_AVAILABILITY = YES_AGGRESSIVE;
				CLANG_WARN_UNREACHABLE_CODE = YES;
				CLANG_WARN__DUPLICATE_METHOD_MATCH = YES;
				COPY_PHASE_STRIP = NO;
				DEBUG_INFORMATION_FORMAT = "dwarf-with-dsym";
				ENABLE_NS_ASSERTIONS = NO;
				ENABLE_STRICT_OBJC_MSGSEND = YES;
				GCC_C_LANGUAGE_STANDARD = gnu11;
				GCC_NO_COMMON_BLOCKS = YES;
				GCC_WARN_64_TO_32_BIT_CONVERSION = YES;
				GCC_WARN_ABOUT_RETURN_TYPE = YES_ERROR;
				GCC_WARN_UNDECLARED_SELECTOR = YES;
				GCC_WARN_UNINITIALIZED_AUTOS = YES_AGGRESSIVE;
				GCC_WARN_UNUSED_FUNCTION = YES;
				GCC_WARN_UNUSED_VARIABLE = YES;
				IPHONEOS_DEPLOYMENT_TARGET = 14.5;
				MTL_ENABLE_DEBUG_INFO = NO;
				MTL_FAST_MATH = YES;
				SDKROOT = iphoneos;
				SWIFT_COMPILATION_MODE = wholemodule;
				SWIFT_OPTIMIZATION_LEVEL = "-O";
				VALIDATE_PRODUCT = YES;
			};
			name = Release;
		};
		B214329026C8AB8100A65B5F /* Debug */ = {
			isa = XCBuildConfiguration;
			baseConfigurationReference = FCEBAE381E70B7946C95FA21 /* Pods-Secret2.debug.xcconfig */;
			buildSettings = {
				ASSETCATALOG_COMPILER_APPICON_NAME = AppIcon;
				ASSETCATALOG_COMPILER_GLOBAL_ACCENT_COLOR_NAME = AccentColor;
				CODE_SIGN_STYLE = Automatic;
				DEVELOPMENT_ASSET_PATHS = "\"Secret2/Preview Content\"";
				DEVELOPMENT_TEAM = 3RF2T64DCN;
				ENABLE_PREVIEWS = YES;
				INFOPLIST_FILE = Secret2/Info.plist;
				IPHONEOS_DEPLOYMENT_TARGET = 14.0;
				LD_RUNPATH_SEARCH_PATHS = (
					"$(inherited)",
					"@executable_path/Frameworks",
				);
				PRODUCT_BUNDLE_IDENTIFIER = serrano.Secret2;
				PRODUCT_NAME = "$(TARGET_NAME)";
				SWIFT_VERSION = 5.0;
				TARGETED_DEVICE_FAMILY = "1,2";
			};
			name = Debug;
		};
		B214329126C8AB8100A65B5F /* Release */ = {
			isa = XCBuildConfiguration;
			baseConfigurationReference = 6759334DE8885F7A571D4002 /* Pods-Secret2.release.xcconfig */;
			buildSettings = {
				ASSETCATALOG_COMPILER_APPICON_NAME = AppIcon;
				ASSETCATALOG_COMPILER_GLOBAL_ACCENT_COLOR_NAME = AccentColor;
				CODE_SIGN_STYLE = Automatic;
				DEVELOPMENT_ASSET_PATHS = "\"Secret2/Preview Content\"";
				DEVELOPMENT_TEAM = 3RF2T64DCN;
				ENABLE_PREVIEWS = YES;
				INFOPLIST_FILE = Secret2/Info.plist;
				IPHONEOS_DEPLOYMENT_TARGET = 14.0;
				LD_RUNPATH_SEARCH_PATHS = (
					"$(inherited)",
					"@executable_path/Frameworks",
				);
				PRODUCT_BUNDLE_IDENTIFIER = serrano.Secret2;
				PRODUCT_NAME = "$(TARGET_NAME)";
				SWIFT_VERSION = 5.0;
				TARGETED_DEVICE_FAMILY = "1,2";
			};
			name = Release;
		};
/* End XCBuildConfiguration section */

/* Begin XCConfigurationList section */
		B214327B26C8AB7F00A65B5F /* Build configuration list for PBXProject "Secret2" */ = {
			isa = XCConfigurationList;
			buildConfigurations = (
				B214328D26C8AB8100A65B5F /* Debug */,
				B214328E26C8AB8100A65B5F /* Release */,
			);
			defaultConfigurationIsVisible = 0;
			defaultConfigurationName = Release;
		};
		B214328F26C8AB8100A65B5F /* Build configuration list for PBXNativeTarget "Secret2" */ = {
			isa = XCConfigurationList;
			buildConfigurations = (
				B214329026C8AB8100A65B5F /* Debug */,
				B214329126C8AB8100A65B5F /* Release */,
			);
			defaultConfigurationIsVisible = 0;
			defaultConfigurationName = Release;
		};
/* End XCConfigurationList section */
	};
	rootObject = B214327826C8AB7F00A65B5F /* Project object */;
}
